
Microsoft Visual Studio Solution File, Format Version 12.00
# Visual Studio Version 17
VisualStudioVersion = 17.5.33502.453
MinimumVisualStudioVersion = 10.0.40219.1
Project("{FAE04EC0-301F-11D3-BF4B-00C04F79EFBC}") = "Magma server Installer", "Magma server Installer\Magma server Installer.csproj", "{F20B79FF-FCF3-4F5B-AE2D-B50DD7639F5F}"
EndProject
Project("{840C416C-B8F3-42BC-B0DD-F6BB14C9F8CB}") = "Installer Helper", "Installer Helper\Installer Helper.aiproj", "{438A11BD-D450-44F6-9ADA-E4D43348D022}"
EndProject
Global
	GlobalSection(SolutionConfigurationPlatforms) = preSolution
		Debug|Any CPU = Debug|Any CPU
		DefaultBuild|Any CPU = DefaultBuild|Any CPU
		Release|Any CPU = Release|Any CPU
	EndGlobalSection
	GlobalSection(ProjectConfigurationPlatforms) = postSolution
		{F20B79FF-FCF3-4F5B-AE2D-B50DD7639F5F}.Debug|Any CPU.ActiveCfg = Debug|Any CPU
		{F20B79FF-FCF3-4F5B-AE2D-B50DD7639F5F}.Debug|Any CPU.Build.0 = Debug|Any CPU
		{F20B79FF-FCF3-4F5B-AE2D-B50DD7639F5F}.DefaultBuild|Any CPU.ActiveCfg = Debug|Any CPU
		{F20B79FF-FCF3-4F5B-AE2D-B50DD7639F5F}.DefaultBuild|Any CPU.Build.0 = Debug|Any CPU
		{F20B79FF-FCF3-4F5B-AE2D-B50DD7639F5F}.Release|Any CPU.ActiveCfg = Release|Any CPU
		{F20B79FF-FCF3-4F5B-AE2D-B50DD7639F5F}.Release|Any CPU.Build.0 = Release|Any CPU
		{438A11BD-D450-44F6-9ADA-E4D43348D022}.Debug|Any CPU.ActiveCfg = DefaultBuild
		{438A11BD-D450-44F6-9ADA-E4D43348D022}.Debug|Any CPU.Build.0 = DefaultBuild
		{438A11BD-D450-44F6-9ADA-E4D43348D022}.DefaultBuild|Any CPU.ActiveCfg = DefaultBuild
		{438A11BD-D450-44F6-9ADA-E4D43348D022}.DefaultBuild|Any CPU.Build.0 = DefaultBuild
		{438A11BD-D450-44F6-9ADA-E4D43348D022}.Release|Any CPU.ActiveCfg = DefaultBuild
		{438A11BD-D450-44F6-9ADA-E4D43348D022}.Release|Any CPU.Build.0 = DefaultBuild
	EndGlobalSection
	GlobalSection(SolutionProperties) = preSolution
		HideSolutionNode = FALSE
	EndGlobalSection
	GlobalSection(ExtensibilityGlobals) = postSolution
		SolutionGuid = {14DF570B-1A8A-4495-BF73-0DF6D78870CC}
	EndGlobalSection
EndGlobal
