
Microsoft Visual Studio Solution File, Format Version 12.00
# Visual Studio Version 17
VisualStudioVersion = 17.5.33502.453
MinimumVisualStudioVersion = 10.0.40219.1
Project("{840C416C-B8F3-42BC-B0DD-F6BB14C9F8CB}") = "Setup Installer", "Setup Installer\Setup Installer.aiproj", "{B3A306A9-162E-46F7-9681-D9F92B2A8E8E}"
EndProject
Project("{FAE04EC0-301F-11D3-BF4B-00C04F79EFBC}") = "installer", "pro1\installer.csproj", "{05FBA6E2-FC67-4F3F-AFBA-84992708C42C}"
EndProject
Global
	GlobalSection(SolutionConfigurationPlatforms) = preSolution
		All|Any CPU = All|Any CPU
		Debug|Any CPU = Debug|Any CPU
		Release|Any CPU = Release|Any CPU
	EndGlobalSection
	GlobalSection(ProjectConfigurationPlatforms) = postSolution
		{B3A306A9-162E-46F7-9681-D9F92B2A8E8E}.All|Any CPU.ActiveCfg = DefaultBuild
		{B3A306A9-162E-46F7-9681-D9F92B2A8E8E}.All|Any CPU.Build.0 = DefaultBuild
		{B3A306A9-162E-46F7-9681-D9F92B2A8E8E}.Debug|Any CPU.ActiveCfg = DefaultBuild
		{B3A306A9-162E-46F7-9681-D9F92B2A8E8E}.Debug|Any CPU.Build.0 = DefaultBuild
		{B3A306A9-162E-46F7-9681-D9F92B2A8E8E}.Release|Any CPU.ActiveCfg = DefaultBuild
		{B3A306A9-162E-46F7-9681-D9F92B2A8E8E}.Release|Any CPU.Build.0 = DefaultBuild
		{05FBA6E2-FC67-4F3F-AFBA-84992708C42C}.All|Any CPU.ActiveCfg = Debug|Any CPU
		{05FBA6E2-FC67-4F3F-AFBA-84992708C42C}.All|Any CPU.Build.0 = Debug|Any CPU
		{05FBA6E2-FC67-4F3F-AFBA-84992708C42C}.Debug|Any CPU.ActiveCfg = Debug|Any CPU
		{05FBA6E2-FC67-4F3F-AFBA-84992708C42C}.Debug|Any CPU.Build.0 = Debug|Any CPU
		{05FBA6E2-FC67-4F3F-AFBA-84992708C42C}.Release|Any CPU.ActiveCfg = Release|Any CPU
		{05FBA6E2-FC67-4F3F-AFBA-84992708C42C}.Release|Any CPU.Build.0 = Release|Any CPU
	EndGlobalSection
	GlobalSection(SolutionProperties) = preSolution
		HideSolutionNode = FALSE
	EndGlobalSection
	GlobalSection(ExtensibilityGlobals) = postSolution
		SolutionGuid = {195D24C3-E40B-4386-AD10-3B62F788D5D3}
	EndGlobalSection
EndGlobal
